
Microsoft Visual Studio Solution File, Format Version 12.00
# Visual Studio Version 17
VisualStudioVersion = 17.1.32319.34
MinimumVisualStudioVersion = 10.0.40219.1
Project("{FAE04EC0-301F-11D3-BF4B-00C04F79EFBC}") = "accompain_world_currencies_WebAPI", "accompain_world_currencies_WebAPI\accompain_world_currencies_WebAPI.csproj", "{2D61AC8E-5E7B-4E6B-BF9B-03B2224A67D6}"
EndProject
Global
	GlobalSection(SolutionConfigurationPlatforms) = preSolution
		Debug|Any CPU = Debug|Any CPU
		Release|Any CPU = Release|Any CPU
	EndGlobalSection
	GlobalSection(ProjectConfigurationPlatforms) = postSolution
		{2D61AC8E-5E7B-4E6B-BF9B-03B2224A67D6}.Debug|Any CPU.ActiveCfg = Debug|Any CPU
		{2D61AC8E-5E7B-4E6B-BF9B-03B2224A67D6}.Debug|Any CPU.Build.0 = Debug|Any CPU
		{2D61AC8E-5E7B-4E6B-BF9B-03B2224A67D6}.Release|Any CPU.ActiveCfg = Release|Any CPU
		{2D61AC8E-5E7B-4E6B-BF9B-03B2224A67D6}.Release|Any CPU.Build.0 = Release|Any CPU
	EndGlobalSection
	GlobalSection(SolutionProperties) = preSolution
		HideSolutionNode = FALSE
	EndGlobalSection
	GlobalSection(ExtensibilityGlobals) = postSolution
		SolutionGuid = {F4B90263-0D99-4848-870D-20A9C044624B}
	EndGlobalSection
EndGlobal
